
Microsoft Visual Studio Solution File, Format Version 12.00
# Visual Studio 15
VisualStudioVersion = 15.0.27703.2018
MinimumVisualStudioVersion = 10.0.40219.1
Project("{FAE04EC0-301F-11D3-BF4B-00C04F79EFBC}") = "DrawingApplication", "DrawingApplication\DrawingApplication.csproj", "{46D800DA-845D-491A-AB31-A2A6AE439A10}"
EndProject
Project("{FAE04EC0-301F-11D3-BF4B-00C04F79EFBC}") = "DrawingApplication.Tests", "DrawingApplication.Tests\DrawingApplication.Tests.csproj", "{FD50BFEB-C37F-49E4-811E-22A3D3145C8C}"
EndProject
Global
	GlobalSection(SolutionConfigurationPlatforms) = preSolution
		Debug|Any CPU = Debug|Any CPU
		Release|Any CPU = Release|Any CPU
	EndGlobalSection
	GlobalSection(ProjectConfigurationPlatforms) = postSolution
		{46D800DA-845D-491A-AB31-A2A6AE439A10}.Debug|Any CPU.ActiveCfg = Debug|Any CPU
		{46D800DA-845D-491A-AB31-A2A6AE439A10}.Debug|Any CPU.Build.0 = Debug|Any CPU
		{46D800DA-845D-491A-AB31-A2A6AE439A10}.Release|Any CPU.ActiveCfg = Release|Any CPU
		{46D800DA-845D-491A-AB31-A2A6AE439A10}.Release|Any CPU.Build.0 = Release|Any CPU
		{FD50BFEB-C37F-49E4-811E-22A3D3145C8C}.Debug|Any CPU.ActiveCfg = Debug|Any CPU
		{FD50BFEB-C37F-49E4-811E-22A3D3145C8C}.Debug|Any CPU.Build.0 = Debug|Any CPU
		{FD50BFEB-C37F-49E4-811E-22A3D3145C8C}.Release|Any CPU.ActiveCfg = Release|Any CPU
		{FD50BFEB-C37F-49E4-811E-22A3D3145C8C}.Release|Any CPU.Build.0 = Release|Any CPU
	EndGlobalSection
	GlobalSection(SolutionProperties) = preSolution
		HideSolutionNode = FALSE
	EndGlobalSection
	GlobalSection(ExtensibilityGlobals) = postSolution
		SolutionGuid = {6773391B-CD43-479E-AB2F-DA40D59FBB88}
	EndGlobalSection
EndGlobal
